dependencies:
- name: wiz-kubernetes-connector
  repository: https://wiz-sec.github.io/charts
  version: 3.5.1
- name: wiz-admission-controller
  repository: https://wiz-sec.github.io/charts
  version: 3.12.1
- name: wiz-sensor
  repository: https://wiz-sec.github.io/charts
  version: 1.0.8401
digest: sha256:ded94d779bf4970a9aa1fd519fc85a8b6cfa9bdf76acd61e4c6b026313977d13
generated: "2025-12-02T08:38:05.036211182Z"
